// !$*UTF8*$!
{
	archiveVersion = 1;
	classes = {
	};
	objectVersion = 56;
	objects = {

/* Begin PBXBuildFile section */
		2ABF030F29BFA4C100FF83BC /* PassGenApp.swift in Sources */ = {isa = PBXBuildFile; fileRef = 2ABF030E29BFA4C100FF83BC /* PassGenApp.swift */; };
		2ABF031129BFA4C100FF83BC /* ContentView.swift in Sources */ = {isa = PBXBuildFile; fileRef = 2ABF031029BFA4C100FF83BC /* ContentView.swift */; };
		2ABF031329BFA4C200FF83BC /* Assets.xcassets in Resources */ = {isa = PBXBuildFile; fileRef = 2ABF031229BFA4C200FF83BC /* Assets.xcassets */; };
		2ABF031729BFA4C200FF83BC /* Preview Assets.xcassets in Resources */ = {isa = PBXBuildFile; fileRef = 2ABF031629BFA4C200FF83BC /* Preview Assets.xcassets */; };
		2ABF032129BFA4C200FF83BC /* PassGenTests.swift in Sources */ = {isa = PBXBuildFile; fileRef = 2ABF032029BFA4C200FF83BC /* PassGenTests.swift */; };
		2ABF032B29BFA4C200FF83BC /* PassGenUITests.swift in Sources */ = {isa = PBXBuildFile; fileRef = 2ABF032A29BFA4C200FF83BC /* PassGenUITests.swift */; };
		2ABF032D29BFA4C200FF83BC /* PassGenUITestsLaunchTests.swift in Sources */ = {isa = PBXBuildFile; fileRef = 2ABF032C29BFA4C200FF83BC /* PassGenUITestsLaunchTests.swift */; };
/* End PBXBuildFile section */

/* Begin PBXContainerItemProxy section */
		2ABF031D29BFA4C200FF83BC /* PBXContainerItemProxy */ = {
			isa = PBXContainerItemProxy;
			containerPortal = 2ABF030329BFA4C100FF83BC /* Project object */;
			proxyType = 1;
			remoteGlobalIDString = 2ABF030A29BFA4C100FF83BC;
			remoteInfo = PassGen;
		};
		2ABF032729BFA4C200FF83BC /* PBXContainerItemProxy */ = {
			isa = PBXContainerItemProxy;
			containerPortal = 2ABF030329BFA4C100FF83BC /* Project object */;
			proxyType = 1;
			remoteGlobalIDString = 2ABF030A29BFA4C100FF83BC;
			remoteInfo = PassGen;
		};
/* End PBXContainerItemProxy section */

/* Begin PBXFileReference section */
		2ABF030B29BFA4C100FF83BC /* PassGen.app */ = {isa = PBXFileReference; explicitFileType = wrapper.application; includeInIndex = 0; path = PassGen.app; sourceTree = BUILT_PRODUCTS_DIR; };
		2ABF030E29BFA4C100FF83BC /* PassGenApp.swift */ = {isa = PBXFileReference; lastKnownFileType = sourcecode.swift; path = PassGenApp.swift; sourceTree = "<group>"; };
		2ABF031029BFA4C100FF83BC /* ContentView.swift */ = {isa = PBXFileReference; lastKnownFileType = sourcecode.swift; path = ContentView.swift; sourceTree = "<group>"; };
		2ABF031229BFA4C200FF83BC /* Assets.xcassets */ = {isa = PBXFileReference; lastKnownFileType = folder.assetcatalog; path = Assets.xcassets; sourceTree = "<group>"; };
		2ABF031429BFA4C200FF83BC /* PassGen.entitlements */ = {isa = PBXFileReference; lastKnownFileType = text.plist.entitlements; path = PassGen.entitlements; sourceTree = "<group>"; };
		2ABF031629BFA4C200FF83BC /* Preview Assets.xcassets */ = {isa = PBXFileReference; lastKnownFileType = folder.assetcatalog; path = "Preview Assets.xcassets"; sourceTree = "<group>"; };
		2ABF031C29BFA4C200FF83BC /* PassGenTests.xctest */ = {isa = PBXFileReference; explicitFileType = wrapper.cfbundle; includeInIndex = 0; path = PassGenTests.xctest; sourceTree = BUILT_PRODUCTS_DIR; };
		2ABF032029BFA4C200FF83BC /* PassGenTests.swift */ = {isa = PBXFileReference; lastKnownFileType = sourcecode.swift; path = PassGenTests.swift; sourceTree = "<group>"; };
		2ABF032629BFA4C200FF83BC /* PassGenUITests.xctest */ = {isa = PBXFileReference; explicitFileType = wrapper.cfbundle; includeInIndex = 0; path = PassGenUITests.xctest; sourceTree = BUILT_PRODUCTS_DIR; };
		2ABF032A29BFA4C200FF83BC /* PassGenUITests.swift */ = {isa = PBXFileReference; lastKnownFileType = sourcecode.swift; path = PassGenUITests.swift; sourceTree = "<group>"; };
		2ABF032C29BFA4C200FF83BC /* PassGenUITestsLaunchTests.swift */ = {isa = PBXFileReference; lastKnownFileType = sourcecode.swift; path = PassGenUITestsLaunchTests.swift; sourceTree = "<group>"; };
/* End PBXFileReference section */

/* Begin PBXFrameworksBuildPhase section */
		2ABF030829BFA4C100FF83BC /* Frameworks */ = {
			isa = PBXFrameworksBuildPhase;
			buildActionMask = 2147483647;
			files = (
			);
			runOnlyForDeploymentPostprocessing = 0;
		};
		2ABF031929BFA4C200FF83BC /* Frameworks */ = {
			isa = PBXFrameworksBuildPhase;
			buildActionMask = 2147483647;
			files = (
			);
			runOnlyForDeploymentPostprocessing = 0;
		};
		2ABF032329BFA4C200FF83BC /* Frameworks */ = {
			isa = PBXFrameworksBuildPhase;
			buildActionMask = 2147483647;
			files = (
			);
			runOnlyForDeploymentPostprocessing = 0;
		};
/* End PBXFrameworksBuildPhase section */

/* Begin PBXGroup section */
		2ABF030229BFA4C100FF83BC = {
			isa = PBXGroup;
			children = (
				2ABF030D29BFA4C100FF83BC /* PassGen */,
				2ABF031F29BFA4C200FF83BC /* PassGenTests */,
				2ABF032929BFA4C200FF83BC /* PassGenUITests */,
				2ABF030C29BFA4C100FF83BC /* Products */,
			);
			sourceTree = "<group>";
		};
		2ABF030C29BFA4C100FF83BC /* Products */ = {
			isa = PBXGroup;
			children = (
				2ABF030B29BFA4C100FF83BC /* PassGen.app */,
				2ABF031C29BFA4C200FF83BC /* PassGenTests.xctest */,
				2ABF032629BFA4C200FF83BC /* PassGenUITests.xctest */,
			);
			name = Products;
			sourceTree = "<group>";
		};
		2ABF030D29BFA4C100FF83BC /* PassGen */ = {
			isa = PBXGroup;
			children = (
				2ABF030E29BFA4C100FF83BC /* PassGenApp.swift */,
				2ABF031029BFA4C100FF83BC /* ContentView.swift */,
				2ABF031229BFA4C200FF83BC /* Assets.xcassets */,
				2ABF031429BFA4C200FF83BC /* PassGen.entitlements */,
				2ABF031529BFA4C200FF83BC /* Preview Content */,
			);
			path = PassGen;
			sourceTree = "<group>";
		};
		2ABF031529BFA4C200FF83BC /* Preview Content */ = {
			isa = PBXGroup;
			children = (
				2ABF031629BFA4C200FF83BC /* Preview Assets.xcassets */,
			);
			path = "Preview Content";
			sourceTree = "<group>";
		};
		2ABF031F29BFA4C200FF83BC /* PassGenTests */ = {
			isa = PBXGroup;
			children = (
				2ABF032029BFA4C200FF83BC /* PassGenTests.swift */,
			);
			path = PassGenTests;
			sourceTree = "<group>";
		};
		2ABF032929BFA4C200FF83BC /* PassGenUITests */ = {
			isa = PBXGroup;
			children = (
				2ABF032A29BFA4C200FF83BC /* PassGenUITests.swift */,
				2ABF032C29BFA4C200FF83BC /* PassGenUITestsLaunchTests.swift */,
			);
			path = PassGenUITests;
			sourceTree = "<group>";
		};
/* End PBXGroup section */

/* Begin PBXNativeTarget section */
		2ABF030A29BFA4C100FF83BC /* PassGen */ = {
			isa = PBXNativeTarget;
			buildConfigurationList = 2ABF033029BFA4C200FF83BC /* Build configuration list for PBXNativeTarget "PassGen" */;
			buildPhases = (
				2ABF030729BFA4C100FF83BC /* Sources */,
				2ABF030829BFA4C100FF83BC /* Frameworks */,
				2ABF030929BFA4C100FF83BC /* Resources */,
			);
			buildRules = (
			);
			dependencies = (
			);
			name = PassGen;
			productName = PassGen;
			productReference = 2ABF030B29BFA4C100FF83BC /* PassGen.app */;
			productType = "com.apple.product-type.application";
		};
		2ABF031B29BFA4C200FF83BC /* PassGenTests */ = {
			isa = PBXNativeTarget;
			buildConfigurationList = 2ABF033329BFA4C200FF83BC /* Build configuration list for PBXNativeTarget "PassGenTests" */;
			buildPhases = (
				2ABF031829BFA4C200FF83BC /* Sources */,
				2ABF031929BFA4C200FF83BC /* Frameworks */,
				2ABF031A29BFA4C200FF83BC /* Resources */,
			);
			buildRules = (
			);
			dependencies = (
				2ABF031E29BFA4C200FF83BC /* PBXTargetDependency */,
			);
			name = PassGenTests;
			productName = PassGenTests;
			productReference = 2ABF031C29BFA4C200FF83BC /* PassGenTests.xctest */;
			productType = "com.apple.product-type.bundle.unit-test";
		};
		2ABF032529BFA4C200FF83BC /* PassGenUITests */ = {
			isa = PBXNativeTarget;
			buildConfigurationList = 2ABF033629BFA4C200FF83BC /* Build configuration list for PBXNativeTarget "PassGenUITests" */;
			buildPhases = (
				2ABF032229BFA4C200FF83BC /* Sources */,
				2ABF032329BFA4C200FF83BC /* Frameworks */,
				2ABF032429BFA4C200FF83BC /* Resources */,
			);
			buildRules = (
			);
			dependencies = (
				2ABF032829BFA4C200FF83BC /* PBXTargetDependency */,
			);
			name = PassGenUITests;
			productName = PassGenUITests;
			productReference = 2ABF032629BFA4C200FF83BC /* PassGenUITests.xctest */;
			productType = "com.apple.product-type.bundle.ui-testing";
		};
/* End PBXNativeTarget section */

/* Begin PBXProject section */
		2ABF030329BFA4C100FF83BC /* Project object */ = {
			isa = PBXProject;
			attributes = {
				BuildIndependentTargetsInParallel = 1;
				LastSwiftUpdateCheck = 1420;
				LastUpgradeCheck = 1420;
				TargetAttributes = {
					2ABF030A29BFA4C100FF83BC = {
						CreatedOnToolsVersion = 14.2;
					};
					2ABF031B29BFA4C200FF83BC = {
						CreatedOnToolsVersion = 14.2;
						TestTargetID = 2ABF030A29BFA4C100FF83BC;
					};
					2ABF032529BFA4C200FF83BC = {
						CreatedOnToolsVersion = 14.2;
						TestTargetID = 2ABF030A29BFA4C100FF83BC;
					};
				};
			};
			buildConfigurationList = 2ABF030629BFA4C100FF83BC /* Build configuration list for PBXProject "PassGen" */;
			compatibilityVersion = "Xcode 14.0";
			developmentRegion = en;
			hasScannedForEncodings = 0;
			knownRegions = (
				en,
				Base,
			);
			mainGroup = 2ABF030229BFA4C100FF83BC;
			productRefGroup = 2ABF030C29BFA4C100FF83BC /* Products */;
			projectDirPath = "";
			projectRoot = "";
			targets = (
				2ABF030A29BFA4C100FF83BC /* PassGen */,
				2ABF031B29BFA4C200FF83BC /* PassGenTests */,
				2ABF032529BFA4C200FF83BC /* PassGenUITests */,
			);
		};
/* End PBXProject section */

/* Begin PBXResourcesBuildPhase section */
		2ABF030929BFA4C100FF83BC /* Resources */ = {
			isa = PBXResourcesBuildPhase;
			buildActionMask = 2147483647;
			files = (
				2ABF031729BFA4C200FF83BC /* Preview Assets.xcassets in Resources */,
				2ABF031329BFA4C200FF83BC /* Assets.xcassets in Resources */,
			);
			runOnlyForDeploymentPostprocessing = 0;
		};
		2ABF031A29BFA4C200FF83BC /* Resources */ = {
			isa = PBXResourcesBuildPhase;
			buildActionMask = 2147483647;
			files = (
			);
			runOnlyForDeploymentPostprocessing = 0;
		};
		2ABF032429BFA4C200FF83BC /* Resources */ = {
			isa = PBXResourcesBuildPhase;
			buildActionMask = 2147483647;
			files = (
			);
			runOnlyForDeploymentPostprocessing = 0;
		};
/* End PBXResourcesBuildPhase section */

/* Begin PBXSourcesBuildPhase section */
		2ABF030729BFA4C100FF83BC /* Sources */ = {
			isa = PBXSourcesBuildPhase;
			buildActionMask = 2147483647;
			files = (
				2ABF031129BFA4C100FF83BC /* ContentView.swift in Sources */,
				2ABF030F29BFA4C100FF83BC /* PassGenApp.swift in Sources */,
			);
			runOnlyForDeploymentPostprocessing = 0;
		};
		2ABF031829BFA4C200FF83BC /* Sources */ = {
			isa = PBXSourcesBuildPhase;
			buildActionMask = 2147483647;
			files = (
				2ABF032129BFA4C200FF83BC /* PassGenTests.swift in Sources */,
			);
			runOnlyForDeploymentPostprocessing = 0;
		};
		2ABF032229BFA4C200FF83BC /* Sources */ = {
			isa = PBXSourcesBuildPhase;
			buildActionMask = 2147483647;
			files = (
				2ABF032D29BFA4C200FF83BC /* PassGenUITestsLaunchTests.swift in Sources */,
				2ABF032B29BFA4C200FF83BC /* PassGenUITests.swift in Sources */,
			);
			runOnlyForDeploymentPostprocessing = 0;
		};
/* End PBXSourcesBuildPhase section */

/* Begin PBXTargetDependency section */
		2ABF031E29BFA4C200FF83BC /* PBXTargetDependency */ = {
			isa = PBXTargetDependency;
			target = 2ABF030A29BFA4C100FF83BC /* PassGen */;
			targetProxy = 2ABF031D29BFA4C200FF83BC /* PBXContainerItemProxy */;
		};
		2ABF032829BFA4C200FF83BC /* PBXTargetDependency */ = {
			isa = PBXTargetDependency;
			target = 2ABF030A29BFA4C100FF83BC /* PassGen */;
			targetProxy = 2ABF032729BFA4C200FF83BC /* PBXContainerItemProxy */;
		};
/* End PBXTargetDependency section */

/* Begin XCBuildConfiguration section */
		2ABF032E29BFA4C200FF83BC /* Debug */ = {
			isa = XCBuildConfiguration;
			buildSettings = {
				ALWAYS_SEARCH_USER_PATHS = NO;
				CLANG_ANALYZER_NONNULL = YES;
				CLANG_ANALYZER_NUMBER_OBJECT_CONVERSION = YES_AGGRESSIVE;
				CLANG_CXX_LANGUAGE_STANDARD = "gnu++20";
				CLANG_ENABLE_MODULES = YES;
				CLANG_ENABLE_OBJC_ARC = YES;
				CLANG_ENABLE_OBJC_WEAK = YES;
				CLANG_WARN_BLOCK_CAPTURE_AUTORELEASING = YES;
				CLANG_WARN_BOOL_CONVERSION = YES;
				CLANG_WARN_COMMA = YES;
				CLANG_WARN_CONSTANT_CONVERSION = YES;
				CLANG_WARN_DEPRECATED_OBJC_IMPLEMENTATIONS = YES;
				CLANG_WARN_DIRECT_OBJC_ISA_USAGE = YES_ERROR;
				CLANG_WARN_DOCUMENTATION_COMMENTS = YES;
				CLANG_WARN_EMPTY_BODY = YES;
				CLANG_WARN_ENUM_CONVERSION = YES;
				CLANG_WARN_INFINITE_RECURSION = YES;
				CLANG_WARN_INT_CONVERSION = YES;
				CLANG_WARN_NON_LITERAL_NULL_CONVERSION = YES;
				CLANG_WARN_OBJC_IMPLICIT_RETAIN_SELF = YES;
				CLANG_WARN_OBJC_LITERAL_CONVERSION = YES;
				CLANG_WARN_OBJC_ROOT_CLASS = YES_ERROR;
				CLANG_WARN_QUOTED_INCLUDE_IN_FRAMEWORK_HEADER = YES;
				CLANG_WARN_RANGE_LOOP_ANALYSIS = YES;
				CLANG_WARN_STRICT_PROTOTYPES = YES;
				CLANG_WARN_SUSPICIOUS_MOVE = YES;
				CLANG_WARN_UNGUARDED_AVAILABILITY = YES_AGGRESSIVE;
				CLANG_WARN_UNREACHABLE_CODE = YES;
				CLANG_WARN__DUPLICATE_METHOD_MATCH = YES;
				COPY_PHASE_STRIP = NO;
				DEBUG_INFORMATION_FORMAT = dwarf;
				ENABLE_STRICT_OBJC_MSGSEND = YES;
				ENABLE_TESTABILITY = YES;
				GCC_C_LANGUAGE_STANDARD = gnu11;
				GCC_DYNAMIC_NO_PIC = NO;
				GCC_NO_COMMON_BLOCKS = YES;
				GCC_OPTIMIZATION_LEVEL = 0;
				GCC_PREPROCESSOR_DEFINITIONS = (
					"DEBUG=1",
					"$(inherited)",
				);
				GCC_WARN_64_TO_32_BIT_CONVERSION = YES;
				GCC_WARN_ABOUT_RETURN_TYPE = YES_ERROR;
				GCC_WARN_UNDECLARED_SELECTOR = YES;
				GCC_WARN_UNINITIALIZED_AUTOS = YES_AGGRESSIVE;
				GCC_WARN_UNUSED_FUNCTION = YES;
				GCC_WARN_UNUSED_VARIABLE = YES;
				MTL_ENABLE_DEBUG_INFO = INCLUDE_SOURCE;
				MTL_FAST_MATH = YES;
				ONLY_ACTIVE_ARCH = YES;
				SWIFT_ACTIVE_COMPILATION_CONDITIONS = DEBUG;
				SWIFT_OPTIMIZATION_LEVEL = "-Onone";
			};
			name = Debug;
		};
		2ABF032F29BFA4C200FF83BC /* Release */ = {
			isa = XCBuildConfiguration;
			buildSettings = {
				ALWAYS_SEARCH_USER_PATHS = NO;
				CLANG_ANALYZER_NONNULL = YES;
				CLANG_ANALYZER_NUMBER_OBJECT_CONVERSION = YES_AGGRESSIVE;
				CLANG_CXX_LANGUAGE_STANDARD = "gnu++20";
				CLANG_ENABLE_MODULES = YES;
				CLANG_ENABLE_OBJC_ARC = YES;
				CLANG_ENABLE_OBJC_WEAK = YES;
				CLANG_WARN_BLOCK_CAPTURE_AUTORELEASING = YES;
				CLANG_WARN_BOOL_CONVERSION = YES;
				CLANG_WARN_COMMA = YES;
				CLANG_WARN_CONSTANT_CONVERSION = YES;
				CLANG_WARN_DEPRECATED_OBJC_IMPLEMENTATIONS = YES;
				CLANG_WARN_DIRECT_OBJC_ISA_USAGE = YES_ERROR;
				CLANG_WARN_DOCUMENTATION_COMMENTS = YES;
				CLANG_WARN_EMPTY_BODY = YES;
				CLANG_WARN_ENUM_CONVERSION = YES;
				CLANG_WARN_INFINITE_RECURSION = YES;
				CLANG_WARN_INT_CONVERSION = YES;
				CLANG_WARN_NON_LITERAL_NULL_CONVERSION = YES;
				CLANG_WARN_OBJC_IMPLICIT_RETAIN_SELF = YES;
				CLANG_WARN_OBJC_LITERAL_CONVERSION = YES;
				CLANG_WARN_OBJC_ROOT_CLASS = YES_ERROR;
				CLANG_WARN_QUOTED_INCLUDE_IN_FRAMEWORK_HEADER = YES;
				CLANG_WARN_RANGE_LOOP_ANALYSIS = YES;
				CLANG_WARN_STRICT_PROTOTYPES = YES;
				CLANG_WARN_SUSPICIOUS_MOVE = YES;
				CLANG_WARN_UNGUARDED_AVAILABILITY = YES_AGGRESSIVE;
				CLANG_WARN_UNREACHABLE_CODE = YES;
				CLANG_WARN__DUPLICATE_METHOD_MATCH = YES;
				COPY_PHASE_STRIP = NO;
				DEBUG_INFORMATION_FORMAT = "dwarf-with-dsym";
				ENABLE_NS_ASSERTIONS = NO;
				ENABLE_STRICT_OBJC_MSGSEND = YES;
				GCC_C_LANGUAGE_STANDARD = gnu11;
				GCC_NO_COMMON_BLOCKS = YES;
				GCC_WARN_64_TO_32_BIT_CONVERSION = YES;
				GCC_WARN_ABOUT_RETURN_TYPE = YES_ERROR;
				GCC_WARN_UNDECLARED_SELECTOR = YES;
				GCC_WARN_UNINITIALIZED_AUTOS = YES_AGGRESSIVE;
				GCC_WARN_UNUSED_FUNCTION = YES;
				GCC_WARN_UNUSED_VARIABLE = YES;
				MTL_ENABLE_DEBUG_INFO = NO;
				MTL_FAST_MATH = YES;
				SWIFT_COMPILATION_MODE = wholemodule;
				SWIFT_OPTIMIZATION_LEVEL = "-O";
			};
			name = Release;
		};
		2ABF033129BFA4C200FF83BC /* Debug */ = {
			isa = XCBuildConfiguration;
			buildSettings = {
				ASSETCATALOG_COMPILER_APPICON_NAME = AppIcon;
				ASSETCATALOG_COMPILER_GLOBAL_ACCENT_COLOR_NAME = AccentColor;
				CODE_SIGN_ENTITLEMENTS = PassGen/PassGen.entitlements;
				CODE_SIGN_STYLE = Automatic;
				CURRENT_PROJECT_VERSION = 1;
				DEVELOPMENT_ASSET_PATHS = "\"PassGen/Preview Content\"";
				ENABLE_PREVIEWS = YES;
				GENERATE_INFOPLIST_FILE = YES;
				"INFOPLIST_KEY_UIApplicationSceneManifest_Generation[sdk=iphoneos*]" = YES;
				"INFOPLIST_KEY_UIApplicationSceneManifest_Generation[sdk=iphonesimulator*]" = YES;
				"INFOPLIST_KEY_UIApplicationSupportsIndirectInputEvents[sdk=iphoneos*]" = YES;
				"INFOPLIST_KEY_UIApplicationSupportsIndirectInputEvents[sdk=iphonesimulator*]" = YES;
				"INFOPLIST_KEY_UILaunchScreen_Generation[sdk=iphoneos*]" = YES;
				"INFOPLIST_KEY_UILaunchScreen_Generation[sdk=iphonesimulator*]" = YES;
				"INFOPLIST_KEY_UIStatusBarStyle[sdk=iphoneos*]" = UIStatusBarStyleDefault;
				"INFOPLIST_KEY_UIStatusBarStyle[sdk=iphonesimulator*]" = UIStatusBarStyleDefault;
				INFOPLIST_KEY_UISupportedInterfaceOrientations_iPad = "UIInterfaceOrientationPortrait UIInterfaceOrientationPortraitUpsideDown UIInterfaceOrientationLandscapeLeft UIInterfaceOrientationLandscapeRight";
				INFOPLIST_KEY_UISupportedInterfaceOrientations_iPhone = "UIInterfaceOrientationPortrait UIInterfaceOrientationLandscapeLeft UIInterfaceOrientationLandscapeRight";
				IPHONEOS_DEPLOYMENT_TARGET = 16.2;
				LD_RUNPATH_SEARCH_PATHS = "@executable_path/Frameworks";
				"LD_RUNPATH_SEARCH_PATHS[sdk=macosx*]" = "@executable_path/../Frameworks";
				MACOSX_DEPLOYMENT_TARGET = 13.1;
				MARKETING_VERSION = 1.0;
				PRODUCT_BUNDLE_IDENTIFIER = DavidSaporta.PassGen;
				PRODUCT_NAME = "$(TARGET_NAME)";
				SDKROOT = auto;
				SUPPORTED_PLATFORMS = "iphoneos iphonesimulator macosx";
				SWIFT_EMIT_LOC_STRINGS = YES;
				SWIFT_VERSION = 5.0;
				TARGETED_DEVICE_FAMILY = "1,2";
			};
			name = Debug;
		};
		2ABF033229BFA4C200FF83BC /* Release */ = {
			isa = XCBuildConfiguration;
			buildSettings = {
				ASSETCATALOG_COMPILER_APPICON_NAME = AppIcon;
				ASSETCATALOG_COMPILER_GLOBAL_ACCENT_COLOR_NAME = AccentColor;
				CODE_SIGN_ENTITLEMENTS = PassGen/PassGen.entitlements;
				CODE_SIGN_STYLE = Automatic;
				CURRENT_PROJECT_VERSION = 1;
				DEVELOPMENT_ASSET_PATHS = "\"PassGen/Preview Content\"";
				ENABLE_PREVIEWS = YES;
				GENERATE_INFOPLIST_FILE = YES;
				"INFOPLIST_KEY_UIApplicationSceneManifest_Generation[sdk=iphoneos*]" = YES;
				"INFOPLIST_KEY_UIApplicationSceneManifest_Generation[sdk=iphonesimulator*]" = YES;
				"INFOPLIST_KEY_UIApplicationSupportsIndirectInputEvents[sdk=iphoneos*]" = YES;
				"INFOPLIST_KEY_UIApplicationSupportsIndirectInputEvents[sdk=iphonesimulator*]" = YES;
				"INFOPLIST_KEY_UILaunchScreen_Generation[sdk=iphoneos*]" = YES;
				"INFOPLIST_KEY_UILaunchScreen_Generation[sdk=iphonesimulator*]" = YES;
				"INFOPLIST_KEY_UIStatusBarStyle[sdk=iphoneos*]" = UIStatusBarStyleDefault;
				"INFOPLIST_KEY_UIStatusBarStyle[sdk=iphonesimulator*]" = UIStatusBarStyleDefault;
				INFOPLIST_KEY_UISupportedInterfaceOrientations_iPad = "UIInterfaceOrientationPortrait UIInterfaceOrientationPortraitUpsideDown UIInterfaceOrientationLandscapeLeft UIInterfaceOrientationLandscapeRight";
				INFOPLIST_KEY_UISupportedInterfaceOrientations_iPhone = "UIInterfaceOrientationPortrait UIInterfaceOrientationLandscapeLeft UIInterfaceOrientationLandscapeRight";
				IPHONEOS_DEPLOYMENT_TARGET = 16.2;
				LD_RUNPATH_SEARCH_PATHS = "@executable_path/Frameworks";
				"LD_RUNPATH_SEARCH_PATHS[sdk=macosx*]" = "@executable_path/../Frameworks";
				MACOSX_DEPLOYMENT_TARGET = 13.1;
				MARKETING_VERSION = 1.0;
				PRODUCT_BUNDLE_IDENTIFIER = DavidSaporta.PassGen;
				PRODUCT_NAME = "$(TARGET_NAME)";
				SDKROOT = auto;
				SUPPORTED_PLATFORMS = "iphoneos iphonesimulator macosx";
				SWIFT_EMIT_LOC_STRINGS = YES;
				SWIFT_VERSION = 5.0;
				TARGETED_DEVICE_FAMILY = "1,2";
			};
			name = Release;
		};
		2ABF033429BFA4C200FF83BC /* Debug */ = {
			isa = XCBuildConfiguration;
			buildSettings = {
				ALWAYS_EMBED_SWIFT_STANDARD_LIBRARIES = YES;
				BUNDLE_LOADER = "$(TEST_HOST)";
				CODE_SIGN_STYLE = Automatic;
				CURRENT_PROJECT_VERSION = 1;
				GENERATE_INFOPLIST_FILE = YES;
				IPHONEOS_DEPLOYMENT_TARGET = 16.2;
				MACOSX_DEPLOYMENT_TARGET = 13.1;
				MARKETING_VERSION = 1.0;
				PRODUCT_BUNDLE_IDENTIFIER = DavidSaporta.PassGenTests;
				PRODUCT_NAME = "$(TARGET_NAME)";
				SDKROOT = auto;
				SUPPORTED_PLATFORMS = "iphoneos iphonesimulator macosx";
				SWIFT_EMIT_LOC_STRINGS = NO;
				SWIFT_VERSION = 5.0;
				TARGETED_DEVICE_FAMILY = "1,2";
				TEST_HOST = "$(BUILT_PRODUCTS_DIR)/PassGen.app/$(BUNDLE_EXECUTABLE_FOLDER_PATH)/PassGen";
			};
			name = Debug;
		};
		2ABF033529BFA4C200FF83BC /* Release */ = {
			isa = XCBuildConfiguration;
			buildSettings = {
				ALWAYS_EMBED_SWIFT_STANDARD_LIBRARIES = YES;
				BUNDLE_LOADER = "$(TEST_HOST)";
				CODE_SIGN_STYLE = Automatic;
				CURRENT_PROJECT_VERSION = 1;
				GENERATE_INFOPLIST_FILE = YES;
				IPHONEOS_DEPLOYMENT_TARGET = 16.2;
				MACOSX_DEPLOYMENT_TARGET = 13.1;
				MARKETING_VERSION = 1.0;
				PRODUCT_BUNDLE_IDENTIFIER = DavidSaporta.PassGenTests;
				PRODUCT_NAME = "$(TARGET_NAME)";
				SDKROOT = auto;
				SUPPORTED_PLATFORMS = "iphoneos iphonesimulator macosx";
				SWIFT_EMIT_LOC_STRINGS = NO;
				SWIFT_VERSION = 5.0;
				TARGETED_DEVICE_FAMILY = "1,2";
				TEST_HOST = "$(BUILT_PRODUCTS_DIR)/PassGen.app/$(BUNDLE_EXECUTABLE_FOLDER_PATH)/PassGen";
			};
			name = Release;
		};
		2ABF033729BFA4C200FF83BC /* Debug */ = {
			isa = XCBuildConfiguration;
			buildSettings = {
				ALWAYS_EMBED_SWIFT_STANDARD_LIBRARIES = YES;
				CODE_SIGN_STYLE = Automatic;
				CURRENT_PROJECT_VERSION = 1;
				GENERATE_INFOPLIST_FILE = YES;
				IPHONEOS_DEPLOYMENT_TARGET = 16.2;
				MACOSX_DEPLOYMENT_TARGET = 13.1;
				MARKETING_VERSION = 1.0;
				PRODUCT_BUNDLE_IDENTIFIER = DavidSaporta.PassGenUITests;
				PRODUCT_NAME = "$(TARGET_NAME)";
				SDKROOT = auto;
				SUPPORTED_PLATFORMS = "iphoneos iphonesimulator macosx";
				SWIFT_EMIT_LOC_STRINGS = NO;
				SWIFT_VERSION = 5.0;
				TARGETED_DEVICE_FAMILY = "1,2";
				TEST_TARGET_NAME = PassGen;
			};
			name = Debug;
		};
		2ABF033829BFA4C200FF83BC /* Release */ = {
			isa = XCBuildConfiguration;
			buildSettings = {
				ALWAYS_EMBED_SWIFT_STANDARD_LIBRARIES = YES;
				CODE_SIGN_STYLE = Automatic;
				CURRENT_PROJECT_VERSION = 1;
				GENERATE_INFOPLIST_FILE = YES;
				IPHONEOS_DEPLOYMENT_TARGET = 16.2;
				MACOSX_DEPLOYMENT_TARGET = 13.1;
				MARKETING_VERSION = 1.0;
				PRODUCT_BUNDLE_IDENTIFIER = DavidSaporta.PassGenUITests;
				PRODUCT_NAME = "$(TARGET_NAME)";
				SDKROOT = auto;
				SUPPORTED_PLATFORMS = "iphoneos iphonesimulator macosx";
				SWIFT_EMIT_LOC_STRINGS = NO;
				SWIFT_VERSION = 5.0;
				TARGETED_DEVICE_FAMILY = "1,2";
				TEST_TARGET_NAME = PassGen;
			};
			name = Release;
		};
/* End XCBuildConfiguration section */

/* Begin XCConfigurationList section */
		2ABF030629BFA4C100FF83BC /* Build configuration list for PBXProject "PassGen" */ = {
			isa = XCConfigurationList;
			buildConfigurations = (
				2ABF032E29BFA4C200FF83BC /* Debug */,
				2ABF032F29BFA4C200FF83BC /* Release */,
			);
			defaultConfigurationIsVisible = 0;
			defaultConfigurationName = Release;
		};
		2ABF033029BFA4C200FF83BC /* Build configuration list for PBXNativeTarget "PassGen" */ = {
			isa = XCConfigurationList;
			buildConfigurations = (
				2ABF033129BFA4C200FF83BC /* Debug */,
				2ABF033229BFA4C200FF83BC /* Release */,
			);
			defaultConfigurationIsVisible = 0;
			defaultConfigurationName = Release;
		};
		2ABF033329BFA4C200FF83BC /* Build configuration list for PBXNativeTarget "PassGenTests" */ = {
			isa = XCConfigurationList;
			buildConfigurations = (
				2ABF033429BFA4C200FF83BC /* Debug */,
				2ABF033529BFA4C200FF83BC /* Release */,
			);
			defaultConfigurationIsVisible = 0;
			defaultConfigurationName = Release;
		};
		2ABF033629BFA4C200FF83BC /* Build configuration list for PBXNativeTarget "PassGenUITests" */ = {
			isa = XCConfigurationList;
			buildConfigurations = (
				2ABF033729BFA4C200FF83BC /* Debug */,
				2ABF033829BFA4C200FF83BC /* Release */,
			);
			defaultConfigurationIsVisible = 0;
			defaultConfigurationName = Release;
		};
/* End XCConfigurationList section */
	};
	rootObject = 2ABF030329BFA4C100FF83BC /* Project object */;
}
